// !$*UTF8*$!
{
	archiveVersion = 1;
	classes = {
	};
	objectVersion = 50;
	objects = {

/* Begin PBXBuildFile section */
		32E8D7E122162459002D041F /* AppDelegate.swift in Sources */ = {isa = PBXBuildFile; fileRef = 32E8D7E022162459002D041F /* AppDelegate.swift */; };
		32E8D7E322162459002D041F /* ViewController.swift in Sources */ = {isa = PBXBuildFile; fileRef = 32E8D7E222162459002D041F /* ViewController.swift */; };
		32E8D7E622162459002D041F /* Main.storyboard in Resources */ = {isa = PBXBuildFile; fileRef = 32E8D7E422162459002D041F /* Main.storyboard */; };
		32E8D7E82216245A002D041F /* Assets.xcassets in Resources */ = {isa = PBXBuildFile; fileRef = 32E8D7E72216245A002D041F /* Assets.xcassets */; };
		32E8D7EB2216245A002D041F /* LaunchScreen.storyboard in Resources */ = {isa = PBXBuildFile; fileRef = 32E8D7E92216245A002D041F /* LaunchScreen.storyboard */; };
		32E8D7F322162877002D041F /* pokemon.csv in Resources */ = {isa = PBXBuildFile; fileRef = 32E8D7F222162876002D041F /* pokemon.csv */; };
		32E8D7F522162A9D002D041F /* Pokemon.swift in Sources */ = {isa = PBXBuildFile; fileRef = 32E8D7F422162A9D002D041F /* Pokemon.swift */; };
		32E8D7F922163DE3002D041F /* PokeCell.swift in Sources */ = {isa = PBXBuildFile; fileRef = 32E8D7F822163DE3002D041F /* PokeCell.swift */; };
/* End PBXBuildFile section */

/* Begin PBXFileReference section */
		32E8D7DD22162459002D041F /* Pokedex3.app */ = {isa = PBXFileReference; explicitFileType = wrapper.application; includeInIndex = 0; path = Pokedex3.app; sourceTree = BUILT_PRODUCTS_DIR; };
		32E8D7E022162459002D041F /* AppDelegate.swift */ = {isa = PBXFileReference; lastKnownFileType = sourcecode.swift; path = AppDelegate.swift; sourceTree = "<group>"; };
		32E8D7E222162459002D041F /* ViewController.swift */ = {isa = PBXFileReference; lastKnownFileType = sourcecode.swift; path = ViewController.swift; sourceTree = "<group>"; };
		32E8D7E522162459002D041F /* Base */ = {isa = PBXFileReference; lastKnownFileType = file.storyboard; name = Base; path = Base.lproj/Main.storyboard; sourceTree = "<group>"; };
		32E8D7E72216245A002D041F /* Assets.xcassets */ = {isa = PBXFileReference; lastKnownFileType = folder.assetcatalog; path = Assets.xcassets; sourceTree = "<group>"; };
		32E8D7EA2216245A002D041F /* Base */ = {isa = PBXFileReference; lastKnownFileType = file.storyboard; name = Base; path = Base.lproj/LaunchScreen.storyboard; sourceTree = "<group>"; };
		32E8D7EC2216245A002D041F /* Info.plist */ = {isa = PBXFileReference; lastKnownFileType = text.plist.xml; path = Info.plist; sourceTree = "<group>"; };
		32E8D7F222162876002D041F /* pokemon.csv */ = {isa = PBXFileReference; fileEncoding = 4; lastKnownFileType = text; path = pokemon.csv; sourceTree = "<group>"; };
		32E8D7F422162A9D002D041F /* Pokemon.swift */ = {isa = PBXFileReference; lastKnownFileType = sourcecode.swift; path = Pokemon.swift; sourceTree = "<group>"; };
		32E8D7F822163DE3002D041F /* PokeCell.swift */ = {isa = PBXFileReference; lastKnownFileType = sourcecode.swift; path = PokeCell.swift; sourceTree = "<group>"; };
/* End PBXFileReference section */

/* Begin PBXFrameworksBuildPhase section */
		32E8D7DA22162458002D041F /* Frameworks */ = {
			isa = PBXFrameworksBuildPhase;
			buildActionMask = 2147483647;
			files = (
			);
			runOnlyForDeploymentPostprocessing = 0;
		};
/* End PBXFrameworksBuildPhase section */

/* Begin PBXGroup section */
		32E8D7D422162458002D041F = {
			isa = PBXGroup;
			children = (
				32E8D7DF22162459002D041F /* Pokedex3 */,
				32E8D7DE22162459002D041F /* Products */,
			);
			sourceTree = "<group>";
		};
		32E8D7DE22162459002D041F /* Products */ = {
			isa = PBXGroup;
			children = (
				32E8D7DD22162459002D041F /* Pokedex3.app */,
			);
			name = Products;
			sourceTree = "<group>";
		};
		32E8D7DF22162459002D041F /* Pokedex3 */ = {
			isa = PBXGroup;
			children = (
				32E8D7F722163DB5002D041F /* View */,
				32E8D7F622163DAB002D041F /* Model */,
				32E8D7E022162459002D041F /* AppDelegate.swift */,
				32E8D7E222162459002D041F /* ViewController.swift */,
				32E8D7E422162459002D041F /* Main.storyboard */,
				32E8D7E72216245A002D041F /* Assets.xcassets */,
				32E8D7E92216245A002D041F /* LaunchScreen.storyboard */,
				32E8D7EC2216245A002D041F /* Info.plist */,
				32E8D7F222162876002D041F /* pokemon.csv */,
			);
			path = Pokedex3;
			sourceTree = "<group>";
		};
		32E8D7F622163DAB002D041F /* Model */ = {
			isa = PBXGroup;
			children = (
				32E8D7F422162A9D002D041F /* Pokemon.swift */,
			);
			path = Model;
			sourceTree = "<group>";
		};
		32E8D7F722163DB5002D041F /* View */ = {
			isa = PBXGroup;
			children = (
				32E8D7F822163DE3002D041F /* PokeCell.swift */,
			);
			path = View;
			sourceTree = "<group>";
		};
/* End PBXGroup section */

/* Begin PBXNativeTarget section */
		32E8D7DC22162458002D041F /* Pokedex3 */ = {
			isa = PBXNativeTarget;
			buildConfigurationList = 32E8D7EF2216245A002D041F /* Build configuration list for PBXNativeTarget "Pokedex3" */;
			buildPhases = (
				32E8D7D922162458002D041F /* Sources */,
				32E8D7DA22162458002D041F /* Frameworks */,
				32E8D7DB22162458002D041F /* Resources */,
			);
			buildRules = (
			);
			dependencies = (
			);
			name = Pokedex3;
			productName = Pokedex3;
			productReference = 32E8D7DD22162459002D041F /* Pokedex3.app */;
			productType = "com.apple.product-type.application";
		};
/* End PBXNativeTarget section */

/* Begin PBXProject section */
		32E8D7D522162458002D041F /* Project object */ = {
			isa = PBXProject;
			attributes = {
				LastSwiftUpdateCheck = 1010;
				LastUpgradeCheck = 1010;
				ORGANIZATIONNAME = "Dušan Janeček";
				TargetAttributes = {
					32E8D7DC22162458002D041F = {
						CreatedOnToolsVersion = 10.1;
					};
				};
			};
			buildConfigurationList = 32E8D7D822162458002D041F /* Build configuration list for PBXProject "Pokedex3" */;
			compatibilityVersion = "Xcode 9.3";
			developmentRegion = en;
			hasScannedForEncodings = 0;
			knownRegions = (
				en,
				Base,
			);
			mainGroup = 32E8D7D422162458002D041F;
			productRefGroup = 32E8D7DE22162459002D041F /* Products */;
			projectDirPath = "";
			projectRoot = "";
			targets = (
				32E8D7DC22162458002D041F /* Pokedex3 */,
			);
		};
/* End PBXProject section */

/* Begin PBXResourcesBuildPhase section */
		32E8D7DB22162458002D041F /* Resources */ = {
			isa = PBXResourcesBuildPhase;
			buildActionMask = 2147483647;
			files = (
				32E8D7EB2216245A002D041F /* LaunchScreen.storyboard in Resources */,
				32E8D7E82216245A002D041F /* Assets.xcassets in Resources */,
				32E8D7F322162877002D041F /* pokemon.csv in Resources */,
				32E8D7E622162459002D041F /* Main.storyboard in Resources */,
			);
			runOnlyForDeploymentPostprocessing = 0;
		};
/* End PBXResourcesBuildPhase section */

/* Begin PBXSourcesBuildPhase section */
		32E8D7D922162458002D041F /* Sources */ = {
			isa = PBXSourcesBuildPhase;
			buildActionMask = 2147483647;
			files = (
				32E8D7F922163DE3002D041F /* PokeCell.swift in Sources */,
				32E8D7E322162459002D041F /* ViewController.swift in Sources */,
				32E8D7E122162459002D041F /* AppDelegate.swift in Sources */,
				32E8D7F522162A9D002D041F /* Pokemon.swift in Sources */,
			);
			runOnlyForDeploymentPostprocessing = 0;
		};
/* End PBXSourcesBuildPhase section */

/* Begin PBXVariantGroup section */
		32E8D7E422162459002D041F /* Main.storyboard */ = {
			isa = PBXVariantGroup;
			children = (
				32E8D7E522162459002D041F /* Base */,
			);
			name = Main.storyboard;
			sourceTree = "<group>";
		};
		32E8D7E92216245A002D041F /* LaunchScreen.storyboard */ = {
			isa = PBXVariantGroup;
			children = (
				32E8D7EA2216245A002D041F /* Base */,
			);
			name = LaunchScreen.storyboard;
			sourceTree = "<group>";
		};
/* End PBXVariantGroup section */

/* Begin XCBuildConfiguration section */
		32E8D7ED2216245A002D041F /* Debug */ = {
			isa = XCBuildConfiguration;
			buildSettings = {
				ALWAYS_SEARCH_USER_PATHS = NO;
				CLANG_ANALYZER_NONNULL = YES;
				CLANG_ANALYZER_NUMBER_OBJECT_CONVERSION = YES_AGGRESSIVE;
				CLANG_CXX_LANGUAGE_STANDARD = "gnu++14";
				CLANG_CXX_LIBRARY = "libc++";
				CLANG_ENABLE_MODULES = YES;
				CLANG_ENABLE_OBJC_ARC = YES;
				CLANG_ENABLE_OBJC_WEAK = YES;
				CLANG_WARN_BLOCK_CAPTURE_AUTORELEASING = YES;
				CLANG_WARN_BOOL_CONVERSION = YES;
				CLANG_WARN_COMMA = YES;
				CLANG_WARN_CONSTANT_CONVERSION = YES;
				CLANG_WARN_DEPRECATED_OBJC_IMPLEMENTATIONS = YES;
				CLANG_WARN_DIRECT_OBJC_ISA_USAGE = YES_ERROR;
				CLANG_WARN_DOCUMENTATION_COMMENTS = YES;
				CLANG_WARN_EMPTY_BODY = YES;
				CLANG_WARN_ENUM_CONVERSION = YES;
				CLANG_WARN_INFINITE_RECURSION = YES;
				CLANG_WARN_INT_CONVERSION = YES;
				CLANG_WARN_NON_LITERAL_NULL_CONVERSION = YES;
				CLANG_WARN_OBJC_IMPLICIT_RETAIN_SELF = YES;
				CLANG_WARN_OBJC_LITERAL_CONVERSION = YES;
				CLANG_WARN_OBJC_ROOT_CLASS = YES_ERROR;
				CLANG_WARN_RANGE_LOOP_ANALYSIS = YES;
				CLANG_WARN_STRICT_PROTOTYPES = YES;
				CLANG_WARN_SUSPICIOUS_MOVE = YES;
				CLANG_WARN_UNGUARDED_AVAILABILITY = YES_AGGRESSIVE;
				CLANG_WARN_UNREACHABLE_CODE = YES;
				CLANG_WARN__DUPLICATE_METHOD_MATCH = YES;
				CODE_SIGN_IDENTITY = "iPhone Developer";
				COPY_PHASE_STRIP = NO;
				DEBUG_INFORMATION_FORMAT = dwarf;
				ENABLE_STRICT_OBJC_MSGSEND = YES;
				ENABLE_TESTABILITY = YES;
				GCC_C_LANGUAGE_STANDARD = gnu11;
				GCC_DYNAMIC_NO_PIC = NO;
				GCC_NO_COMMON_BLOCKS = YES;
				GCC_OPTIMIZATION_LEVEL = 0;
				GCC_PREPROCESSOR_DEFINITIONS = (
					"DEBUG=1",
					"$(inherited)",
				);
				GCC_WARN_64_TO_32_BIT_CONVERSION = YES;
				GCC_WARN_ABOUT_RETURN_TYPE = YES_ERROR;
				GCC_WARN_UNDECLARED_SELECTOR = YES;
				GCC_WARN_UNINITIALIZED_AUTOS = YES_AGGRESSIVE;
				GCC_WARN_UNUSED_FUNCTION = YES;
				GCC_WARN_UNUSED_VARIABLE = YES;
				IPHONEOS_DEPLOYMENT_TARGET = 12.1;
				MTL_ENABLE_DEBUG_INFO = INCLUDE_SOURCE;
				MTL_FAST_MATH = YES;
				ONLY_ACTIVE_ARCH = YES;
				SDKROOT = iphoneos;
				SWIFT_ACTIVE_COMPILATION_CONDITIONS = DEBUG;
				SWIFT_OPTIMIZATION_LEVEL = "-Onone";
			};
			name = Debug;
		};
		32E8D7EE2216245A002D041F /* Release */ = {
			isa = XCBuildConfiguration;
			buildSettings = {
				ALWAYS_SEARCH_USER_PATHS = NO;
				CLANG_ANALYZER_NONNULL = YES;
				CLANG_ANALYZER_NUMBER_OBJECT_CONVERSION = YES_AGGRESSIVE;
				CLANG_CXX_LANGUAGE_STANDARD = "gnu++14";
				CLANG_CXX_LIBRARY = "libc++";
				CLANG_ENABLE_MODULES = YES;
				CLANG_ENABLE_OBJC_ARC = YES;
				CLANG_ENABLE_OBJC_WEAK = YES;
				CLANG_WARN_BLOCK_CAPTURE_AUTORELEASING = YES;
				CLANG_WARN_BOOL_CONVERSION = YES;
				CLANG_WARN_COMMA = YES;
				CLANG_WARN_CONSTANT_CONVERSION = YES;
				CLANG_WARN_DEPRECATED_OBJC_IMPLEMENTATIONS = YES;
				CLANG_WARN_DIRECT_OBJC_ISA_USAGE = YES_ERROR;
				CLANG_WARN_DOCUMENTATION_COMMENTS = YES;
				CLANG_WARN_EMPTY_BODY = YES;
				CLANG_WARN_ENUM_CONVERSION = YES;
				CLANG_WARN_INFINITE_RECURSION = YES;
				CLANG_WARN_INT_CONVERSION = YES;
				CLANG_WARN_NON_LITERAL_NULL_CONVERSION = YES;
				CLANG_WARN_OBJC_IMPLICIT_RETAIN_SELF = YES;
				CLANG_WARN_OBJC_LITERAL_CONVERSION = YES;
				CLANG_WARN_OBJC_ROOT_CLASS = YES_ERROR;
				CLANG_WARN_RANGE_LOOP_ANALYSIS = YES;
				CLANG_WARN_STRICT_PROTOTYPES = YES;
				CLANG_WARN_SUSPICIOUS_MOVE = YES;
				CLANG_WARN_UNGUARDED_AVAILABILITY = YES_AGGRESSIVE;
				CLANG_WARN_UNREACHABLE_CODE = YES;
				CLANG_WARN__DUPLICATE_METHOD_MATCH = YES;
				CODE_SIGN_IDENTITY = "iPhone Developer";
				COPY_PHASE_STRIP = NO;
				DEBUG_INFORMATION_FORMAT = "dwarf-with-dsym";
				ENABLE_NS_ASSERTIONS = NO;
				ENABLE_STRICT_OBJC_MSGSEND = YES;
				GCC_C_LANGUAGE_STANDARD = gnu11;
				GCC_NO_COMMON_BLOCKS = YES;
				GCC_WARN_64_TO_32_BIT_CONVERSION = YES;
				GCC_WARN_ABOUT_RETURN_TYPE = YES_ERROR;
				GCC_WARN_UNDECLARED_SELECTOR = YES;
				GCC_WARN_UNINITIALIZED_AUTOS = YES_AGGRESSIVE;
				GCC_WARN_UNUSED_FUNCTION = YES;
				GCC_WARN_UNUSED_VARIABLE = YES;
				IPHONEOS_DEPLOYMENT_TARGET = 12.1;
				MTL_ENABLE_DEBUG_INFO = NO;
				MTL_FAST_MATH = YES;
				SDKROOT = iphoneos;
				SWIFT_COMPILATION_MODE = wholemodule;
				SWIFT_OPTIMIZATION_LEVEL = "-O";
				VALIDATE_PRODUCT = YES;
			};
			name = Release;
		};
		32E8D7F02216245A002D041F /* Debug */ = {
			isa = XCBuildConfiguration;
			buildSettings = {
				ASSETCATALOG_COMPILER_APPICON_NAME = AppIcon;
				CODE_SIGN_STYLE = Automatic;
				DEVELOPMENT_TEAM = EZRV354M5L;
				INFOPLIST_FILE = Pokedex3/Info.plist;
				LD_RUNPATH_SEARCH_PATHS = (
					"$(inherited)",
					"@executable_path/Frameworks",
				);
				PRODUCT_BUNDLE_IDENTIFIER = UdemyCourse.Pokedex3;
				PRODUCT_NAME = "$(TARGET_NAME)";
				SWIFT_VERSION = 4.2;
				TARGETED_DEVICE_FAMILY = "1,2";
			};
			name = Debug;
		};
		32E8D7F12216245A002D041F /* Release */ = {
			isa = XCBuildConfiguration;
			buildSettings = {
				ASSETCATALOG_COMPILER_APPICON_NAME = AppIcon;
				CODE_SIGN_STYLE = Automatic;
				DEVELOPMENT_TEAM = EZRV354M5L;
				INFOPLIST_FILE = Pokedex3/Info.plist;
				LD_RUNPATH_SEARCH_PATHS = (
					"$(inherited)",
					"@executable_path/Frameworks",
				);
				PRODUCT_BUNDLE_IDENTIFIER = UdemyCourse.Pokedex3;
				PRODUCT_NAME = "$(TARGET_NAME)";
				SWIFT_VERSION = 4.2;
				TARGETED_DEVICE_FAMILY = "1,2";
			};
			name = Release;
		};
/* End XCBuildConfiguration section */

/* Begin XCConfigurationList section */
		32E8D7D822162458002D041F /* Build configuration list for PBXProject "Pokedex3" */ = {
			isa = XCConfigurationList;
			buildConfigurations = (
				32E8D7ED2216245A002D041F /* Debug */,
				32E8D7EE2216245A002D041F /* Release */,
			);
			defaultConfigurationIsVisible = 0;
			defaultConfigurationName = Release;
		};
		32E8D7EF2216245A002D041F /* Build configuration list for PBXNativeTarget "Pokedex3" */ = {
			isa = XCConfigurationList;
			buildConfigurations = (
				32E8D7F02216245A002D041F /* Debug */,
				32E8D7F12216245A002D041F /* Release */,
			);
			defaultConfigurationIsVisible = 0;
			defaultConfigurationName = Release;
		};
/* End XCConfigurationList section */
	};
	rootObject = 32E8D7D522162458002D041F /* Project object */;
}
